
Microsoft Visual Studio Solution File, Format Version 12.00
# Visual Studio Version 16
VisualStudioVersion = 16.0.31205.134
MinimumVisualStudioVersion = 10.0.40219.1
Project("{FAE04EC0-301F-11D3-BF4B-00C04F79EFBC}") = "wpf task three", "wpf task three\wpf task three.csproj", "{A53284F9-FC52-4A79-BDF6-29CD0C620163}"
EndProject
Global
	GlobalSection(SolutionConfigurationPlatforms) = preSolution
		Debug|Any CPU = Debug|Any CPU
		Release|Any CPU = Release|Any CPU
	EndGlobalSection
	GlobalSection(ProjectConfigurationPlatforms) = postSolution
		{A53284F9-FC52-4A79-BDF6-29CD0C620163}.Debug|Any CPU.ActiveCfg = Debug|Any CPU
		{A53284F9-FC52-4A79-BDF6-29CD0C620163}.Debug|Any CPU.Build.0 = Debug|Any CPU
		{A53284F9-FC52-4A79-BDF6-29CD0C620163}.Release|Any CPU.ActiveCfg = Release|Any CPU
		{A53284F9-FC52-4A79-BDF6-29CD0C620163}.Release|Any CPU.Build.0 = Release|Any CPU
	EndGlobalSection
	GlobalSection(SolutionProperties) = preSolution
		HideSolutionNode = FALSE
	EndGlobalSection
	GlobalSection(ExtensibilityGlobals) = postSolution
		SolutionGuid = {B5E9641E-B6D5-4395-884B-A8E3C8C6137D}
	EndGlobalSection
EndGlobal
